
Microsoft Visual Studio Solution File, Format Version 12.00
# Visual Studio 15
VisualStudioVersion = 15.0.27703.2035
MinimumVisualStudioVersion = 10.0.40219.1
Project("{8BC9CEB8-8B4A-11D0-8D11-00A0C91BC942}") = "kzig", "kzig\kzig.vcxproj", "{78BD1962-09A3-42C6-8538-F4AE151AA7F3}"
EndProject
Global
	GlobalSection(SolutionConfigurationPlatforms) = preSolution
		Debug|x64 = Debug|x64
		Debug|x86 = Debug|x86
		Release|x64 = Release|x64
		Release|x86 = Release|x86
	EndGlobalSection
	GlobalSection(ProjectConfigurationPlatforms) = postSolution
		{78BD1962-09A3-42C6-8538-F4AE151AA7F3}.Debug|x64.ActiveCfg = Release|x64
		{78BD1962-09A3-42C6-8538-F4AE151AA7F3}.Debug|x64.Build.0 = Release|x64
		{78BD1962-09A3-42C6-8538-F4AE151AA7F3}.Debug|x86.ActiveCfg = Release|Win32
		{78BD1962-09A3-42C6-8538-F4AE151AA7F3}.Debug|x86.Build.0 = Release|Win32
		{78BD1962-09A3-42C6-8538-F4AE151AA7F3}.Release|x64.ActiveCfg = Release|x64
		{78BD1962-09A3-42C6-8538-F4AE151AA7F3}.Release|x64.Build.0 = Release|x64
		{78BD1962-09A3-42C6-8538-F4AE151AA7F3}.Release|x86.ActiveCfg = Release|Win32
		{78BD1962-09A3-42C6-8538-F4AE151AA7F3}.Release|x86.Build.0 = Release|Win32
	EndGlobalSection
	GlobalSection(SolutionProperties) = preSolution
		HideSolutionNode = FALSE
	EndGlobalSection
	GlobalSection(ExtensibilityGlobals) = postSolution
		SolutionGuid = {0208FCEA-3407-45BB-9F63-9D5373AFDF87}
	EndGlobalSection
EndGlobal
