<?xml version="1.0" encoding="utf-8"?>
<Project ToolsVersion="4.0" xmlns="http://schemas.microsoft.com/developer/msbuild/2003">
  <ItemGroup>
    <ClCompile Include="src\isaac64.c">
      <Filter>Source Files</Filter>
    </ClCompile>
    <ClCompile Include="src\kmem.c">
      <Filter>Source Files</Filter>
    </ClCompile>
    <ClCompile Include="src\kstring.c">
      <Filter>Source Files</Filter>
    </ClCompile>
    <ClCompile Include="src\uefi_entrypoint.c">
      <Filter>Source Files</Filter>
    </ClCompile>
    <ClCompile Include="src\kmain.c">
      <Filter>Source Files</Filter>
    </ClCompile>
    <ClCompile Include="src\x64.c">
      <Filter>Source Files</Filter>
    </ClCompile>
    <ClCompile Include="src\jsmn.c">
      <Filter>Source Files</Filter>
    </ClCompile>
    <ClCompile Include="src\arch\x64\x64_kconio.c">
      <Filter>Source Files</Filter>
    </ClCompile>
  </ItemGroup>
  <ItemGroup>
    <ClInclude Include="src\include\isaac64.h">
      <Filter>Header Files</Filter>
    </ClInclude>
    <ClInclude Include="src\include\kmem.h">
      <Filter>Header Files</Filter>
    </ClInclude>
    <ClInclude Include="src\include\kstring.h">
      <Filter>Header Files</Filter>
    </ClInclude>
    <ClInclude Include="src\include\standard.h">
      <Filter>Header Files</Filter>
    </ClInclude>
    <ClInclude Include="src\include\k0.h">
      <Filter>Header Files</Filter>
    </ClInclude>
    <ClInclude Include="src\include\jsmn.h">
      <Filter>Header Files</Filter>
    </ClInclude>
    <ClInclude Include="src\include\lib\stddef.h">
      <Filter>Header Files</Filter>
    </ClInclude>
    <ClInclude Include="src\include\arch\x64\x64.h">
      <Filter>Header Files</Filter>
    </ClInclude>
    <ClInclude Include="src\include\arch\x64\x64_kconio.h">
      <Filter>Header Files</Filter>
    </ClInclude>
  </ItemGroup>
  <ItemGroup>
    <None Include="..\README.md" />
  </ItemGroup>
  <ItemGroup>
    <Text Include="..\LICENSE.txt" />
  </ItemGroup>
  <ItemGroup>
    <Filter Include="Header Files">
      <UniqueIdentifier>{95977114-3ab8-4098-ac9e-da64a933fed6}</UniqueIdentifier>
      <Extensions>*.h</Extensions>
    </Filter>
    <Filter Include="Source Files">
      <UniqueIdentifier>{0d1bbb13-448f-4a60-b02f-3528813913a9}</UniqueIdentifier>
      <Extensions>cpp;c;cc;cxx;def;odl;idl;hpj;bat;asm;asmx</Extensions>
    </Filter>
  </ItemGroup>
  <ItemGroup>
    <MASM Include="src\arch\x64\_x64.asm">
      <Filter>Source Files</Filter>
    </MASM>
  </ItemGroup>
</Project>